
Microsoft Visual Studio Solution File, Format Version 12.00
# Visual Studio Version 17
VisualStudioVersion = 17.3.32922.545
MinimumVisualStudioVersion = 10.0.40219.1
Project("{9A19103F-16F7-4668-BE54-9A1E7A4F7556}") = "JsonDataManager", "JsonDataManager\JsonDataManager.csproj", "{63A5788C-164E-450B-8CDC-BD0059E031D4}"
EndProject
Project("{2150E333-8FDC-42A3-9474-1A3956D46DE8}") = "PresentationLayer", "PresentationLayer", "{CD44B5C7-FEFA-496C-83CF-D9E690595463}"
EndProject
Project("{2150E333-8FDC-42A3-9474-1A3956D46DE8}") = "DataLayer", "DataLayer", "{DEEC7CFE-AE2D-42AD-89D4-63C9D897E87B}"
EndProject
Project("{2150E333-8FDC-42A3-9474-1A3956D46DE8}") = "ApplicationLayer", "ApplicationLayer", "{E8BB1671-E643-474A-9962-518717881EAE}"
EndProject
Project("{FAE04EC0-301F-11D3-BF4B-00C04F79EFBC}") = "Application", "Application\Application.csproj", "{6FAAF0A0-5E92-4B52-9584-5FBF4E765EA3}"
EndProject
Project("{FAE04EC0-301F-11D3-BF4B-00C04F79EFBC}") = "Application.Contracts", "Application.Contracts\Application.Contracts.csproj", "{093C65CE-55A9-4BD2-A997-2E0DCBAA0BF9}"
EndProject
Project("{FAE04EC0-301F-11D3-BF4B-00C04F79EFBC}") = "Data.Contracts", "DataContracts\Data.Contracts.csproj", "{57C67F4B-8914-40FA-A45F-622ADD128345}"
EndProject
Project("{FAE04EC0-301F-11D3-BF4B-00C04F79EFBC}") = "Domain", "Domain\Domain.csproj", "{B22B0A6E-2047-4EA1-BF25-AC3FD6BAEBD2}"
EndProject
Project("{FAE04EC0-301F-11D3-BF4B-00C04F79EFBC}") = "Repositories", "Repositories\Repositories.csproj", "{8C11C49D-6C95-4D65-BBFF-10001A76BC09}"
EndProject
Project("{FAE04EC0-301F-11D3-BF4B-00C04F79EFBC}") = "Services", "Services\Services.csproj", "{FD2BEC3C-AC59-431F-B420-C007D94FB373}"
EndProject
Global
	GlobalSection(SolutionConfigurationPlatforms) = preSolution
		Debug|Any CPU = Debug|Any CPU
		Release|Any CPU = Release|Any CPU
	EndGlobalSection
	GlobalSection(ProjectConfigurationPlatforms) = postSolution
		{63A5788C-164E-450B-8CDC-BD0059E031D4}.Debug|Any CPU.ActiveCfg = Debug|Any CPU
		{63A5788C-164E-450B-8CDC-BD0059E031D4}.Debug|Any CPU.Build.0 = Debug|Any CPU
		{63A5788C-164E-450B-8CDC-BD0059E031D4}.Release|Any CPU.ActiveCfg = Release|Any CPU
		{63A5788C-164E-450B-8CDC-BD0059E031D4}.Release|Any CPU.Build.0 = Release|Any CPU
		{6FAAF0A0-5E92-4B52-9584-5FBF4E765EA3}.Debug|Any CPU.ActiveCfg = Debug|Any CPU
		{6FAAF0A0-5E92-4B52-9584-5FBF4E765EA3}.Debug|Any CPU.Build.0 = Debug|Any CPU
		{6FAAF0A0-5E92-4B52-9584-5FBF4E765EA3}.Release|Any CPU.ActiveCfg = Release|Any CPU
		{6FAAF0A0-5E92-4B52-9584-5FBF4E765EA3}.Release|Any CPU.Build.0 = Release|Any CPU
		{093C65CE-55A9-4BD2-A997-2E0DCBAA0BF9}.Debug|Any CPU.ActiveCfg = Debug|Any CPU
		{093C65CE-55A9-4BD2-A997-2E0DCBAA0BF9}.Debug|Any CPU.Build.0 = Debug|Any CPU
		{093C65CE-55A9-4BD2-A997-2E0DCBAA0BF9}.Release|Any CPU.ActiveCfg = Release|Any CPU
		{093C65CE-55A9-4BD2-A997-2E0DCBAA0BF9}.Release|Any CPU.Build.0 = Release|Any CPU
		{57C67F4B-8914-40FA-A45F-622ADD128345}.Debug|Any CPU.ActiveCfg = Debug|Any CPU
		{57C67F4B-8914-40FA-A45F-622ADD128345}.Debug|Any CPU.Build.0 = Debug|Any CPU
		{57C67F4B-8914-40FA-A45F-622ADD128345}.Release|Any CPU.ActiveCfg = Release|Any CPU
		{57C67F4B-8914-40FA-A45F-622ADD128345}.Release|Any CPU.Build.0 = Release|Any CPU
		{B22B0A6E-2047-4EA1-BF25-AC3FD6BAEBD2}.Debug|Any CPU.ActiveCfg = Debug|Any CPU
		{B22B0A6E-2047-4EA1-BF25-AC3FD6BAEBD2}.Debug|Any CPU.Build.0 = Debug|Any CPU
		{B22B0A6E-2047-4EA1-BF25-AC3FD6BAEBD2}.Release|Any CPU.ActiveCfg = Release|Any CPU
		{B22B0A6E-2047-4EA1-BF25-AC3FD6BAEBD2}.Release|Any CPU.Build.0 = Release|Any CPU
		{8C11C49D-6C95-4D65-BBFF-10001A76BC09}.Debug|Any CPU.ActiveCfg = Debug|Any CPU
		{8C11C49D-6C95-4D65-BBFF-10001A76BC09}.Debug|Any CPU.Build.0 = Debug|Any CPU
		{8C11C49D-6C95-4D65-BBFF-10001A76BC09}.Release|Any CPU.ActiveCfg = Release|Any CPU
		{8C11C49D-6C95-4D65-BBFF-10001A76BC09}.Release|Any CPU.Build.0 = Release|Any CPU
		{FD2BEC3C-AC59-431F-B420-C007D94FB373}.Debug|Any CPU.ActiveCfg = Debug|Any CPU
		{FD2BEC3C-AC59-431F-B420-C007D94FB373}.Debug|Any CPU.Build.0 = Debug|Any CPU
		{FD2BEC3C-AC59-431F-B420-C007D94FB373}.Release|Any CPU.ActiveCfg = Release|Any CPU
		{FD2BEC3C-AC59-431F-B420-C007D94FB373}.Release|Any CPU.Build.0 = Release|Any CPU
	EndGlobalSection
	GlobalSection(SolutionProperties) = preSolution
		HideSolutionNode = FALSE
	EndGlobalSection
	GlobalSection(NestedProjects) = preSolution
		{63A5788C-164E-450B-8CDC-BD0059E031D4} = {CD44B5C7-FEFA-496C-83CF-D9E690595463}
		{6FAAF0A0-5E92-4B52-9584-5FBF4E765EA3} = {E8BB1671-E643-474A-9962-518717881EAE}
		{093C65CE-55A9-4BD2-A997-2E0DCBAA0BF9} = {E8BB1671-E643-474A-9962-518717881EAE}
		{57C67F4B-8914-40FA-A45F-622ADD128345} = {E8BB1671-E643-474A-9962-518717881EAE}
		{B22B0A6E-2047-4EA1-BF25-AC3FD6BAEBD2} = {DEEC7CFE-AE2D-42AD-89D4-63C9D897E87B}
		{8C11C49D-6C95-4D65-BBFF-10001A76BC09} = {DEEC7CFE-AE2D-42AD-89D4-63C9D897E87B}
		{FD2BEC3C-AC59-431F-B420-C007D94FB373} = {DEEC7CFE-AE2D-42AD-89D4-63C9D897E87B}
	EndGlobalSection
	GlobalSection(ExtensibilityGlobals) = postSolution
		SolutionGuid = {FC526439-9818-4FD9-91D7-4FF8E42B81B5}
	EndGlobalSection
EndGlobal
